
Microsoft Visual Studio Solution File, Format Version 12.00
# Visual Studio Version 17
VisualStudioVersion = 17.0.31903.59
MinimumVisualStudioVersion = 10.0.40219.1
Project("{2150E333-8FDC-42A3-9474-1A3956D46DE8}") = "Shared", "Shared", "{4F52FD11-658E-A102-6CD3-7D7C16FFA15B}"
EndProject
Project("{FAE04EC0-301F-11D3-BF4B-00C04F79EFBC}") = "SeeSight.SharedKernel", "src\Shared\SeeSight.SharedKernel\SeeSight.SharedKernel.csproj", "{F345450A-19C4-44D1-B058-682D0C2F9C27}"
EndProject
Project("{FAE04EC0-301F-11D3-BF4B-00C04F79EFBC}") = "SeeSight.Shared.Contracts", "src\Shared\SeeSight.Shared.Contracts\SeeSight.Shared.Contracts.csproj", "{4E4B8FF6-645D-42F0-860E-87B0AA8951E9}"
EndProject
Project("{FAE04EC0-301F-11D3-BF4B-00C04F79EFBC}") = "SeeSight.Shared.Messaging", "src\Shared\SeeSight.Shared.Messaging\SeeSight.Shared.Messaging.csproj", "{3C14F41F-292E-4E81-9EE4-31B9B74DE445}"
EndProject
Project("{FAE04EC0-301F-11D3-BF4B-00C04F79EFBC}") = "SeeSight.Shared.Observability", "src\Shared\SeeSight.Shared.Observability\SeeSight.Shared.Observability.csproj", "{870A5372-75B8-4EC8-B31F-A9E32F3213CF}"
EndProject
Project("{FAE04EC0-301F-11D3-BF4B-00C04F79EFBC}") = "SeeSight.Shared.Common", "src\Shared\SeeSight.Shared.Common\SeeSight.Shared.Common.csproj", "{04E4F154-654C-450E-9132-2821EB19367F}"
EndProject
Project("{2150E333-8FDC-42A3-9474-1A3956D46DE8}") = "Gateway", "Gateway", "{E7BDDBC6-9FD1-D1D7-ACD8-2C4F8E3D2461}"
EndProject
Project("{FAE04EC0-301F-11D3-BF4B-00C04F79EFBC}") = "SeeSight.Gateway", "src\Gateway\SeeSight.Gateway\SeeSight.Gateway.csproj", "{5C9E45A3-C84A-46B3-B978-841E13651085}"
EndProject
Project("{2150E333-8FDC-42A3-9474-1A3956D46DE8}") = "Services", "Services", "{5854FF58-B8C5-05C6-5BF2-ACE42193F22B}"
EndProject
Project("{2150E333-8FDC-42A3-9474-1A3956D46DE8}") = "Identity", "Identity", "{357A7C97-5AE1-023F-1442-0D9F9AF22A31}"
EndProject
Project("{FAE04EC0-301F-11D3-BF4B-00C04F79EFBC}") = "SeeSight.Identity.Domain", "src\Services\Identity\SeeSight.Identity.Domain\SeeSight.Identity.Domain.csproj", "{2188A5D5-0040-4903-8864-4530BF90E151}"
EndProject
Project("{FAE04EC0-301F-11D3-BF4B-00C04F79EFBC}") = "SeeSight.Identity.Application", "src\Services\Identity\SeeSight.Identity.Application\SeeSight.Identity.Application.csproj", "{BDC272D5-BA1B-4734-8731-E5072A4562FA}"
EndProject
Project("{FAE04EC0-301F-11D3-BF4B-00C04F79EFBC}") = "SeeSight.Identity.Infrastructure", "src\Services\Identity\SeeSight.Identity.Infrastructure\SeeSight.Identity.Infrastructure.csproj", "{D6E96E9C-B94B-41ED-BECC-DA438298A410}"
EndProject
Project("{FAE04EC0-301F-11D3-BF4B-00C04F79EFBC}") = "SeeSight.Identity.Api", "src\Services\Identity\SeeSight.Identity.Api\SeeSight.Identity.Api.csproj", "{F90D67DF-280B-40CA-965E-364B2DBF3E64}"
EndProject
Project("{2150E333-8FDC-42A3-9474-1A3956D46DE8}") = "Tests", "Tests", "{0AB3BF05-4346-4AA6-1389-037BE0695223}"
EndProject
Project("{2150E333-8FDC-42A3-9474-1A3956D46DE8}") = "Identity", "Identity", "{391CE2F5-AE47-7A9A-F474-4847BE99435E}"
EndProject
Project("{FAE04EC0-301F-11D3-BF4B-00C04F79EFBC}") = "SeeSight.Identity.UnitTests", "tests\Identity\SeeSight.Identity.UnitTests\SeeSight.Identity.UnitTests.csproj", "{789E0257-EA9A-4F5F-9A1F-2E487D738829}"
EndProject
Project("{FAE04EC0-301F-11D3-BF4B-00C04F79EFBC}") = "SeeSight.Identity.IntegrationTests", "tests\Identity\SeeSight.Identity.IntegrationTests\SeeSight.Identity.IntegrationTests.csproj", "{6899806C-00FF-4D68-A94F-2003B804591E}"
EndProject
Project("{FAE04EC0-301F-11D3-BF4B-00C04F79EFBC}") = "SeeSight.Identity.ArchitectureTests", "tests\Identity\SeeSight.Identity.ArchitectureTests\SeeSight.Identity.ArchitectureTests.csproj", "{4CF24E1C-941E-4781-A1AE-0EC1BF62DA28}"
EndProject
Project("{2150E333-8FDC-42A3-9474-1A3956D46DE8}") = "Gateway", "Gateway", "{3191EEA6-45BC-009D-9AD5-83F4A8B4D7F9}"
EndProject
Project("{FAE04EC0-301F-11D3-BF4B-00C04F79EFBC}") = "SeeSight.Gateway.Tests", "tests\Gateway\SeeSight.Gateway.Tests\SeeSight.Gateway.Tests.csproj", "{6F18DCA8-6A74-466E-8555-D0799381A93F}"
EndProject
Project("{2150E333-8FDC-42A3-9474-1A3956D46DE8}") = "src", "src", "{827E0CD3-B72D-47B6-A68D-7590B98EB39B}"
EndProject
Project("{2150E333-8FDC-42A3-9474-1A3956D46DE8}") = "Services", "Services", "{984BB9B3-3FA3-BE33-9484-CAC21695A33C}"
EndProject
Project("{2150E333-8FDC-42A3-9474-1A3956D46DE8}") = "Tenant", "Tenant", "{4137BF28-B899-3035-DC87-9BA2D48E7A87}"
EndProject
Project("{FAE04EC0-301F-11D3-BF4B-00C04F79EFBC}") = "SeeSight.Tenant.Domain", "src\Services\Tenant\SeeSight.Tenant.Domain\SeeSight.Tenant.Domain.csproj", "{FDD1D62C-96B0-4DA7-9D96-F6721345A2E9}"
EndProject
Project("{2150E333-8FDC-42A3-9474-1A3956D46DE8}") = "Shared", "Shared", "{C8E42992-5E42-0C2B-DBFE-AA848D06431C}"
EndProject
Project("{FAE04EC0-301F-11D3-BF4B-00C04F79EFBC}") = "SeeSight.Tenant.Application", "src\Services\Tenant\SeeSight.Tenant.Application\SeeSight.Tenant.Application.csproj", "{9FDE000F-52D3-4CBD-ADC7-6AF4578EB04F}"
EndProject
Project("{FAE04EC0-301F-11D3-BF4B-00C04F79EFBC}") = "SeeSight.Tenant.Infrastructure", "src\Services\Tenant\SeeSight.Tenant.Infrastructure\SeeSight.Tenant.Infrastructure.csproj", "{2B4CF5A2-C93D-4FDA-8A3F-2C0E035ABC6C}"
EndProject
Project("{FAE04EC0-301F-11D3-BF4B-00C04F79EFBC}") = "SeeSight.Tenant.Api", "src\Services\Tenant\SeeSight.Tenant.Api\SeeSight.Tenant.Api.csproj", "{4F2DE25B-46D5-4E21-83BB-204B921B2EF4}"
EndProject
Project("{2150E333-8FDC-42A3-9474-1A3956D46DE8}") = "Tenant", "Tenant", "{4F0A5D48-76C3-CF7F-65F5-5461B50110B4}"
EndProject
Project("{FAE04EC0-301F-11D3-BF4B-00C04F79EFBC}") = "SeeSight.Tenant.UnitTests", "tests\Tenant\SeeSight.Tenant.UnitTests\SeeSight.Tenant.UnitTests.csproj", "{3BA3A349-EA1C-4740-8C87-0613C775BDC0}"
EndProject
Project("{FAE04EC0-301F-11D3-BF4B-00C04F79EFBC}") = "SeeSight.Tenant.IntegrationTests", "tests\Tenant\SeeSight.Tenant.IntegrationTests\SeeSight.Tenant.IntegrationTests.csproj", "{616330EA-2858-4041-8E28-A29F14588B5E}"
EndProject
Project("{FAE04EC0-301F-11D3-BF4B-00C04F79EFBC}") = "SeeSight.Tenant.ArchitectureTests", "tests\Tenant\SeeSight.Tenant.ArchitectureTests\SeeSight.Tenant.ArchitectureTests.csproj", "{6D7CF090-8E64-4B8D-9F37-3C87C0A21A49}"
EndProject
Global
	GlobalSection(SolutionConfigurationPlatforms) = preSolution
		Debug|Any CPU = Debug|Any CPU
		Debug|x64 = Debug|x64
		Debug|x86 = Debug|x86
		Release|Any CPU = Release|Any CPU
		Release|x64 = Release|x64
		Release|x86 = Release|x86
	EndGlobalSection
	GlobalSection(ProjectConfigurationPlatforms) = postSolution
		{F345450A-19C4-44D1-B058-682D0C2F9C27}.Debug|Any CPU.ActiveCfg = Debug|Any CPU
		{F345450A-19C4-44D1-B058-682D0C2F9C27}.Debug|Any CPU.Build.0 = Debug|Any CPU
		{F345450A-19C4-44D1-B058-682D0C2F9C27}.Debug|x64.ActiveCfg = Debug|Any CPU
		{F345450A-19C4-44D1-B058-682D0C2F9C27}.Debug|x64.Build.0 = Debug|Any CPU
		{F345450A-19C4-44D1-B058-682D0C2F9C27}.Debug|x86.ActiveCfg = Debug|Any CPU
		{F345450A-19C4-44D1-B058-682D0C2F9C27}.Debug|x86.Build.0 = Debug|Any CPU
		{F345450A-19C4-44D1-B058-682D0C2F9C27}.Release|Any CPU.ActiveCfg = Release|Any CPU
		{F345450A-19C4-44D1-B058-682D0C2F9C27}.Release|Any CPU.Build.0 = Release|Any CPU
		{F345450A-19C4-44D1-B058-682D0C2F9C27}.Release|x64.ActiveCfg = Release|Any CPU
		{F345450A-19C4-44D1-B058-682D0C2F9C27}.Release|x64.Build.0 = Release|Any CPU
		{F345450A-19C4-44D1-B058-682D0C2F9C27}.Release|x86.ActiveCfg = Release|Any CPU
		{F345450A-19C4-44D1-B058-682D0C2F9C27}.Release|x86.Build.0 = Release|Any CPU
		{4E4B8FF6-645D-42F0-860E-87B0AA8951E9}.Debug|Any CPU.ActiveCfg = Debug|Any CPU
		{4E4B8FF6-645D-42F0-860E-87B0AA8951E9}.Debug|Any CPU.Build.0 = Debug|Any CPU
		{4E4B8FF6-645D-42F0-860E-87B0AA8951E9}.Debug|x64.ActiveCfg = Debug|Any CPU
		{4E4B8FF6-645D-42F0-860E-87B0AA8951E9}.Debug|x64.Build.0 = Debug|Any CPU
		{4E4B8FF6-645D-42F0-860E-87B0AA8951E9}.Debug|x86.ActiveCfg = Debug|Any CPU
		{4E4B8FF6-645D-42F0-860E-87B0AA8951E9}.Debug|x86.Build.0 = Debug|Any CPU
		{4E4B8FF6-645D-42F0-860E-87B0AA8951E9}.Release|Any CPU.ActiveCfg = Release|Any CPU
		{4E4B8FF6-645D-42F0-860E-87B0AA8951E9}.Release|Any CPU.Build.0 = Release|Any CPU
		{4E4B8FF6-645D-42F0-860E-87B0AA8951E9}.Release|x64.ActiveCfg = Release|Any CPU
		{4E4B8FF6-645D-42F0-860E-87B0AA8951E9}.Release|x64.Build.0 = Release|Any CPU
		{4E4B8FF6-645D-42F0-860E-87B0AA8951E9}.Release|x86.ActiveCfg = Release|Any CPU
		{4E4B8FF6-645D-42F0-860E-87B0AA8951E9}.Release|x86.Build.0 = Release|Any CPU
		{3C14F41F-292E-4E81-9EE4-31B9B74DE445}.Debug|Any CPU.ActiveCfg = Debug|Any CPU
		{3C14F41F-292E-4E81-9EE4-31B9B74DE445}.Debug|Any CPU.Build.0 = Debug|Any CPU
		{3C14F41F-292E-4E81-9EE4-31B9B74DE445}.Debug|x64.ActiveCfg = Debug|Any CPU
		{3C14F41F-292E-4E81-9EE4-31B9B74DE445}.Debug|x64.Build.0 = Debug|Any CPU
		{3C14F41F-292E-4E81-9EE4-31B9B74DE445}.Debug|x86.ActiveCfg = Debug|Any CPU
		{3C14F41F-292E-4E81-9EE4-31B9B74DE445}.Debug|x86.Build.0 = Debug|Any CPU
		{3C14F41F-292E-4E81-9EE4-31B9B74DE445}.Release|Any CPU.ActiveCfg = Release|Any CPU
		{3C14F41F-292E-4E81-9EE4-31B9B74DE445}.Release|Any CPU.Build.0 = Release|Any CPU
		{3C14F41F-292E-4E81-9EE4-31B9B74DE445}.Release|x64.ActiveCfg = Release|Any CPU
		{3C14F41F-292E-4E81-9EE4-31B9B74DE445}.Release|x64.Build.0 = Release|Any CPU
		{3C14F41F-292E-4E81-9EE4-31B9B74DE445}.Release|x86.ActiveCfg = Release|Any CPU
		{3C14F41F-292E-4E81-9EE4-31B9B74DE445}.Release|x86.Build.0 = Release|Any CPU
		{870A5372-75B8-4EC8-B31F-A9E32F3213CF}.Debug|Any CPU.ActiveCfg = Debug|Any CPU
		{870A5372-75B8-4EC8-B31F-A9E32F3213CF}.Debug|Any CPU.Build.0 = Debug|Any CPU
		{870A5372-75B8-4EC8-B31F-A9E32F3213CF}.Debug|x64.ActiveCfg = Debug|Any CPU
		{870A5372-75B8-4EC8-B31F-A9E32F3213CF}.Debug|x64.Build.0 = Debug|Any CPU
		{870A5372-75B8-4EC8-B31F-A9E32F3213CF}.Debug|x86.ActiveCfg = Debug|Any CPU
		{870A5372-75B8-4EC8-B31F-A9E32F3213CF}.Debug|x86.Build.0 = Debug|Any CPU
		{870A5372-75B8-4EC8-B31F-A9E32F3213CF}.Release|Any CPU.ActiveCfg = Release|Any CPU
		{870A5372-75B8-4EC8-B31F-A9E32F3213CF}.Release|Any CPU.Build.0 = Release|Any CPU
		{870A5372-75B8-4EC8-B31F-A9E32F3213CF}.Release|x64.ActiveCfg = Release|Any CPU
		{870A5372-75B8-4EC8-B31F-A9E32F3213CF}.Release|x64.Build.0 = Release|Any CPU
		{870A5372-75B8-4EC8-B31F-A9E32F3213CF}.Release|x86.ActiveCfg = Release|Any CPU
		{870A5372-75B8-4EC8-B31F-A9E32F3213CF}.Release|x86.Build.0 = Release|Any CPU
		{04E4F154-654C-450E-9132-2821EB19367F}.Debug|Any CPU.ActiveCfg = Debug|Any CPU
		{04E4F154-654C-450E-9132-2821EB19367F}.Debug|Any CPU.Build.0 = Debug|Any CPU
		{04E4F154-654C-450E-9132-2821EB19367F}.Debug|x64.ActiveCfg = Debug|Any CPU
		{04E4F154-654C-450E-9132-2821EB19367F}.Debug|x64.Build.0 = Debug|Any CPU
		{04E4F154-654C-450E-9132-2821EB19367F}.Debug|x86.ActiveCfg = Debug|Any CPU
		{04E4F154-654C-450E-9132-2821EB19367F}.Debug|x86.Build.0 = Debug|Any CPU
		{04E4F154-654C-450E-9132-2821EB19367F}.Release|Any CPU.ActiveCfg = Release|Any CPU
		{04E4F154-654C-450E-9132-2821EB19367F}.Release|Any CPU.Build.0 = Release|Any CPU
		{04E4F154-654C-450E-9132-2821EB19367F}.Release|x64.ActiveCfg = Release|Any CPU
		{04E4F154-654C-450E-9132-2821EB19367F}.Release|x64.Build.0 = Release|Any CPU
		{04E4F154-654C-450E-9132-2821EB19367F}.Release|x86.ActiveCfg = Release|Any CPU
		{04E4F154-654C-450E-9132-2821EB19367F}.Release|x86.Build.0 = Release|Any CPU
		{5C9E45A3-C84A-46B3-B978-841E13651085}.Debug|Any CPU.ActiveCfg = Debug|Any CPU
		{5C9E45A3-C84A-46B3-B978-841E13651085}.Debug|Any CPU.Build.0 = Debug|Any CPU
		{5C9E45A3-C84A-46B3-B978-841E13651085}.Debug|x64.ActiveCfg = Debug|Any CPU
		{5C9E45A3-C84A-46B3-B978-841E13651085}.Debug|x64.Build.0 = Debug|Any CPU
		{5C9E45A3-C84A-46B3-B978-841E13651085}.Debug|x86.ActiveCfg = Debug|Any CPU
		{5C9E45A3-C84A-46B3-B978-841E13651085}.Debug|x86.Build.0 = Debug|Any CPU
		{5C9E45A3-C84A-46B3-B978-841E13651085}.Release|Any CPU.ActiveCfg = Release|Any CPU
		{5C9E45A3-C84A-46B3-B978-841E13651085}.Release|Any CPU.Build.0 = Release|Any CPU
		{5C9E45A3-C84A-46B3-B978-841E13651085}.Release|x64.ActiveCfg = Release|Any CPU
		{5C9E45A3-C84A-46B3-B978-841E13651085}.Release|x64.Build.0 = Release|Any CPU
		{5C9E45A3-C84A-46B3-B978-841E13651085}.Release|x86.ActiveCfg = Release|Any CPU
		{5C9E45A3-C84A-46B3-B978-841E13651085}.Release|x86.Build.0 = Release|Any CPU
		{2188A5D5-0040-4903-8864-4530BF90E151}.Debug|Any CPU.ActiveCfg = Debug|Any CPU
		{2188A5D5-0040-4903-8864-4530BF90E151}.Debug|Any CPU.Build.0 = Debug|Any CPU
		{2188A5D5-0040-4903-8864-4530BF90E151}.Debug|x64.ActiveCfg = Debug|Any CPU
		{2188A5D5-0040-4903-8864-4530BF90E151}.Debug|x64.Build.0 = Debug|Any CPU
		{2188A5D5-0040-4903-8864-4530BF90E151}.Debug|x86.ActiveCfg = Debug|Any CPU
		{2188A5D5-0040-4903-8864-4530BF90E151}.Debug|x86.Build.0 = Debug|Any CPU
		{2188A5D5-0040-4903-8864-4530BF90E151}.Release|Any CPU.ActiveCfg = Release|Any CPU
		{2188A5D5-0040-4903-8864-4530BF90E151}.Release|Any CPU.Build.0 = Release|Any CPU
		{2188A5D5-0040-4903-8864-4530BF90E151}.Release|x64.ActiveCfg = Release|Any CPU
		{2188A5D5-0040-4903-8864-4530BF90E151}.Release|x64.Build.0 = Release|Any CPU
		{2188A5D5-0040-4903-8864-4530BF90E151}.Release|x86.ActiveCfg = Release|Any CPU
		{2188A5D5-0040-4903-8864-4530BF90E151}.Release|x86.Build.0 = Release|Any CPU
		{BDC272D5-BA1B-4734-8731-E5072A4562FA}.Debug|Any CPU.ActiveCfg = Debug|Any CPU
		{BDC272D5-BA1B-4734-8731-E5072A4562FA}.Debug|Any CPU.Build.0 = Debug|Any CPU
		{BDC272D5-BA1B-4734-8731-E5072A4562FA}.Debug|x64.ActiveCfg = Debug|Any CPU
		{BDC272D5-BA1B-4734-8731-E5072A4562FA}.Debug|x64.Build.0 = Debug|Any CPU
		{BDC272D5-BA1B-4734-8731-E5072A4562FA}.Debug|x86.ActiveCfg = Debug|Any CPU
		{BDC272D5-BA1B-4734-8731-E5072A4562FA}.Debug|x86.Build.0 = Debug|Any CPU
		{BDC272D5-BA1B-4734-8731-E5072A4562FA}.Release|Any CPU.ActiveCfg = Release|Any CPU
		{BDC272D5-BA1B-4734-8731-E5072A4562FA}.Release|Any CPU.Build.0 = Release|Any CPU
		{BDC272D5-BA1B-4734-8731-E5072A4562FA}.Release|x64.ActiveCfg = Release|Any CPU
		{BDC272D5-BA1B-4734-8731-E5072A4562FA}.Release|x64.Build.0 = Release|Any CPU
		{BDC272D5-BA1B-4734-8731-E5072A4562FA}.Release|x86.ActiveCfg = Release|Any CPU
		{BDC272D5-BA1B-4734-8731-E5072A4562FA}.Release|x86.Build.0 = Release|Any CPU
		{D6E96E9C-B94B-41ED-BECC-DA438298A410}.Debug|Any CPU.ActiveCfg = Debug|Any CPU
		{D6E96E9C-B94B-41ED-BECC-DA438298A410}.Debug|Any CPU.Build.0 = Debug|Any CPU
		{D6E96E9C-B94B-41ED-BECC-DA438298A410}.Debug|x64.ActiveCfg = Debug|Any CPU
		{D6E96E9C-B94B-41ED-BECC-DA438298A410}.Debug|x64.Build.0 = Debug|Any CPU
		{D6E96E9C-B94B-41ED-BECC-DA438298A410}.Debug|x86.ActiveCfg = Debug|Any CPU
		{D6E96E9C-B94B-41ED-BECC-DA438298A410}.Debug|x86.Build.0 = Debug|Any CPU
		{D6E96E9C-B94B-41ED-BECC-DA438298A410}.Release|Any CPU.ActiveCfg = Release|Any CPU
		{D6E96E9C-B94B-41ED-BECC-DA438298A410}.Release|Any CPU.Build.0 = Release|Any CPU
		{D6E96E9C-B94B-41ED-BECC-DA438298A410}.Release|x64.ActiveCfg = Release|Any CPU
		{D6E96E9C-B94B-41ED-BECC-DA438298A410}.Release|x64.Build.0 = Release|Any CPU
		{D6E96E9C-B94B-41ED-BECC-DA438298A410}.Release|x86.ActiveCfg = Release|Any CPU
		{D6E96E9C-B94B-41ED-BECC-DA438298A410}.Release|x86.Build.0 = Release|Any CPU
		{F90D67DF-280B-40CA-965E-364B2DBF3E64}.Debug|Any CPU.ActiveCfg = Debug|Any CPU
		{F90D67DF-280B-40CA-965E-364B2DBF3E64}.Debug|Any CPU.Build.0 = Debug|Any CPU
		{F90D67DF-280B-40CA-965E-364B2DBF3E64}.Debug|x64.ActiveCfg = Debug|Any CPU
		{F90D67DF-280B-40CA-965E-364B2DBF3E64}.Debug|x64.Build.0 = Debug|Any CPU
		{F90D67DF-280B-40CA-965E-364B2DBF3E64}.Debug|x86.ActiveCfg = Debug|Any CPU
		{F90D67DF-280B-40CA-965E-364B2DBF3E64}.Debug|x86.Build.0 = Debug|Any CPU
		{F90D67DF-280B-40CA-965E-364B2DBF3E64}.Release|Any CPU.ActiveCfg = Release|Any CPU
		{F90D67DF-280B-40CA-965E-364B2DBF3E64}.Release|Any CPU.Build.0 = Release|Any CPU
		{F90D67DF-280B-40CA-965E-364B2DBF3E64}.Release|x64.ActiveCfg = Release|Any CPU
		{F90D67DF-280B-40CA-965E-364B2DBF3E64}.Release|x64.Build.0 = Release|Any CPU
		{F90D67DF-280B-40CA-965E-364B2DBF3E64}.Release|x86.ActiveCfg = Release|Any CPU
		{F90D67DF-280B-40CA-965E-364B2DBF3E64}.Release|x86.Build.0 = Release|Any CPU
		{789E0257-EA9A-4F5F-9A1F-2E487D738829}.Debug|Any CPU.ActiveCfg = Debug|Any CPU
		{789E0257-EA9A-4F5F-9A1F-2E487D738829}.Debug|Any CPU.Build.0 = Debug|Any CPU
		{789E0257-EA9A-4F5F-9A1F-2E487D738829}.Debug|x64.ActiveCfg = Debug|Any CPU
		{789E0257-EA9A-4F5F-9A1F-2E487D738829}.Debug|x64.Build.0 = Debug|Any CPU
		{789E0257-EA9A-4F5F-9A1F-2E487D738829}.Debug|x86.ActiveCfg = Debug|Any CPU
		{789E0257-EA9A-4F5F-9A1F-2E487D738829}.Debug|x86.Build.0 = Debug|Any CPU
		{789E0257-EA9A-4F5F-9A1F-2E487D738829}.Release|Any CPU.ActiveCfg = Release|Any CPU
		{789E0257-EA9A-4F5F-9A1F-2E487D738829}.Release|Any CPU.Build.0 = Release|Any CPU
		{789E0257-EA9A-4F5F-9A1F-2E487D738829}.Release|x64.ActiveCfg = Release|Any CPU
		{789E0257-EA9A-4F5F-9A1F-2E487D738829}.Release|x64.Build.0 = Release|Any CPU
		{789E0257-EA9A-4F5F-9A1F-2E487D738829}.Release|x86.ActiveCfg = Release|Any CPU
		{789E0257-EA9A-4F5F-9A1F-2E487D738829}.Release|x86.Build.0 = Release|Any CPU
		{6899806C-00FF-4D68-A94F-2003B804591E}.Debug|Any CPU.ActiveCfg = Debug|Any CPU
		{6899806C-00FF-4D68-A94F-2003B804591E}.Debug|Any CPU.Build.0 = Debug|Any CPU
		{6899806C-00FF-4D68-A94F-2003B804591E}.Debug|x64.ActiveCfg = Debug|Any CPU
		{6899806C-00FF-4D68-A94F-2003B804591E}.Debug|x64.Build.0 = Debug|Any CPU
		{6899806C-00FF-4D68-A94F-2003B804591E}.Debug|x86.ActiveCfg = Debug|Any CPU
		{6899806C-00FF-4D68-A94F-2003B804591E}.Debug|x86.Build.0 = Debug|Any CPU
		{6899806C-00FF-4D68-A94F-2003B804591E}.Release|Any CPU.ActiveCfg = Release|Any CPU
		{6899806C-00FF-4D68-A94F-2003B804591E}.Release|Any CPU.Build.0 = Release|Any CPU
		{6899806C-00FF-4D68-A94F-2003B804591E}.Release|x64.ActiveCfg = Release|Any CPU
		{6899806C-00FF-4D68-A94F-2003B804591E}.Release|x64.Build.0 = Release|Any CPU
		{6899806C-00FF-4D68-A94F-2003B804591E}.Release|x86.ActiveCfg = Release|Any CPU
		{6899806C-00FF-4D68-A94F-2003B804591E}.Release|x86.Build.0 = Release|Any CPU
		{4CF24E1C-941E-4781-A1AE-0EC1BF62DA28}.Debug|Any CPU.ActiveCfg = Debug|Any CPU
		{4CF24E1C-941E-4781-A1AE-0EC1BF62DA28}.Debug|Any CPU.Build.0 = Debug|Any CPU
		{4CF24E1C-941E-4781-A1AE-0EC1BF62DA28}.Debug|x64.ActiveCfg = Debug|Any CPU
		{4CF24E1C-941E-4781-A1AE-0EC1BF62DA28}.Debug|x64.Build.0 = Debug|Any CPU
		{4CF24E1C-941E-4781-A1AE-0EC1BF62DA28}.Debug|x86.ActiveCfg = Debug|Any CPU
		{4CF24E1C-941E-4781-A1AE-0EC1BF62DA28}.Debug|x86.Build.0 = Debug|Any CPU
		{4CF24E1C-941E-4781-A1AE-0EC1BF62DA28}.Release|Any CPU.ActiveCfg = Release|Any CPU
		{4CF24E1C-941E-4781-A1AE-0EC1BF62DA28}.Release|Any CPU.Build.0 = Release|Any CPU
		{4CF24E1C-941E-4781-A1AE-0EC1BF62DA28}.Release|x64.ActiveCfg = Release|Any CPU
		{4CF24E1C-941E-4781-A1AE-0EC1BF62DA28}.Release|x64.Build.0 = Release|Any CPU
		{4CF24E1C-941E-4781-A1AE-0EC1BF62DA28}.Release|x86.ActiveCfg = Release|Any CPU
		{4CF24E1C-941E-4781-A1AE-0EC1BF62DA28}.Release|x86.Build.0 = Release|Any CPU
		{6F18DCA8-6A74-466E-8555-D0799381A93F}.Debug|Any CPU.ActiveCfg = Debug|Any CPU
		{6F18DCA8-6A74-466E-8555-D0799381A93F}.Debug|Any CPU.Build.0 = Debug|Any CPU
		{6F18DCA8-6A74-466E-8555-D0799381A93F}.Debug|x64.ActiveCfg = Debug|Any CPU
		{6F18DCA8-6A74-466E-8555-D0799381A93F}.Debug|x64.Build.0 = Debug|Any CPU
		{6F18DCA8-6A74-466E-8555-D0799381A93F}.Debug|x86.ActiveCfg = Debug|Any CPU
		{6F18DCA8-6A74-466E-8555-D0799381A93F}.Debug|x86.Build.0 = Debug|Any CPU
		{6F18DCA8-6A74-466E-8555-D0799381A93F}.Release|Any CPU.ActiveCfg = Release|Any CPU
		{6F18DCA8-6A74-466E-8555-D0799381A93F}.Release|Any CPU.Build.0 = Release|Any CPU
		{6F18DCA8-6A74-466E-8555-D0799381A93F}.Release|x64.ActiveCfg = Release|Any CPU
		{6F18DCA8-6A74-466E-8555-D0799381A93F}.Release|x64.Build.0 = Release|Any CPU
		{6F18DCA8-6A74-466E-8555-D0799381A93F}.Release|x86.ActiveCfg = Release|Any CPU
		{6F18DCA8-6A74-466E-8555-D0799381A93F}.Release|x86.Build.0 = Release|Any CPU
		{FDD1D62C-96B0-4DA7-9D96-F6721345A2E9}.Debug|Any CPU.ActiveCfg = Debug|Any CPU
		{FDD1D62C-96B0-4DA7-9D96-F6721345A2E9}.Debug|Any CPU.Build.0 = Debug|Any CPU
		{FDD1D62C-96B0-4DA7-9D96-F6721345A2E9}.Debug|x64.ActiveCfg = Debug|Any CPU
		{FDD1D62C-96B0-4DA7-9D96-F6721345A2E9}.Debug|x64.Build.0 = Debug|Any CPU
		{FDD1D62C-96B0-4DA7-9D96-F6721345A2E9}.Debug|x86.ActiveCfg = Debug|Any CPU
		{FDD1D62C-96B0-4DA7-9D96-F6721345A2E9}.Debug|x86.Build.0 = Debug|Any CPU
		{FDD1D62C-96B0-4DA7-9D96-F6721345A2E9}.Release|Any CPU.ActiveCfg = Release|Any CPU
		{FDD1D62C-96B0-4DA7-9D96-F6721345A2E9}.Release|Any CPU.Build.0 = Release|Any CPU
		{FDD1D62C-96B0-4DA7-9D96-F6721345A2E9}.Release|x64.ActiveCfg = Release|Any CPU
		{FDD1D62C-96B0-4DA7-9D96-F6721345A2E9}.Release|x64.Build.0 = Release|Any CPU
		{FDD1D62C-96B0-4DA7-9D96-F6721345A2E9}.Release|x86.ActiveCfg = Release|Any CPU
		{FDD1D62C-96B0-4DA7-9D96-F6721345A2E9}.Release|x86.Build.0 = Release|Any CPU
		{9FDE000F-52D3-4CBD-ADC7-6AF4578EB04F}.Debug|Any CPU.ActiveCfg = Debug|Any CPU
		{9FDE000F-52D3-4CBD-ADC7-6AF4578EB04F}.Debug|Any CPU.Build.0 = Debug|Any CPU
		{9FDE000F-52D3-4CBD-ADC7-6AF4578EB04F}.Debug|x64.ActiveCfg = Debug|Any CPU
		{9FDE000F-52D3-4CBD-ADC7-6AF4578EB04F}.Debug|x64.Build.0 = Debug|Any CPU
		{9FDE000F-52D3-4CBD-ADC7-6AF4578EB04F}.Debug|x86.ActiveCfg = Debug|Any CPU
		{9FDE000F-52D3-4CBD-ADC7-6AF4578EB04F}.Debug|x86.Build.0 = Debug|Any CPU
		{9FDE000F-52D3-4CBD-ADC7-6AF4578EB04F}.Release|Any CPU.ActiveCfg = Release|Any CPU
		{9FDE000F-52D3-4CBD-ADC7-6AF4578EB04F}.Release|Any CPU.Build.0 = Release|Any CPU
		{9FDE000F-52D3-4CBD-ADC7-6AF4578EB04F}.Release|x64.ActiveCfg = Release|Any CPU
		{9FDE000F-52D3-4CBD-ADC7-6AF4578EB04F}.Release|x64.Build.0 = Release|Any CPU
		{9FDE000F-52D3-4CBD-ADC7-6AF4578EB04F}.Release|x86.ActiveCfg = Release|Any CPU
		{9FDE000F-52D3-4CBD-ADC7-6AF4578EB04F}.Release|x86.Build.0 = Release|Any CPU
		{2B4CF5A2-C93D-4FDA-8A3F-2C0E035ABC6C}.Debug|Any CPU.ActiveCfg = Debug|Any CPU
		{2B4CF5A2-C93D-4FDA-8A3F-2C0E035ABC6C}.Debug|Any CPU.Build.0 = Debug|Any CPU
		{2B4CF5A2-C93D-4FDA-8A3F-2C0E035ABC6C}.Debug|x64.ActiveCfg = Debug|Any CPU
		{2B4CF5A2-C93D-4FDA-8A3F-2C0E035ABC6C}.Debug|x64.Build.0 = Debug|Any CPU
		{2B4CF5A2-C93D-4FDA-8A3F-2C0E035ABC6C}.Debug|x86.ActiveCfg = Debug|Any CPU
		{2B4CF5A2-C93D-4FDA-8A3F-2C0E035ABC6C}.Debug|x86.Build.0 = Debug|Any CPU
		{2B4CF5A2-C93D-4FDA-8A3F-2C0E035ABC6C}.Release|Any CPU.ActiveCfg = Release|Any CPU
		{2B4CF5A2-C93D-4FDA-8A3F-2C0E035ABC6C}.Release|Any CPU.Build.0 = Release|Any CPU
		{2B4CF5A2-C93D-4FDA-8A3F-2C0E035ABC6C}.Release|x64.ActiveCfg = Release|Any CPU
		{2B4CF5A2-C93D-4FDA-8A3F-2C0E035ABC6C}.Release|x64.Build.0 = Release|Any CPU
		{2B4CF5A2-C93D-4FDA-8A3F-2C0E035ABC6C}.Release|x86.ActiveCfg = Release|Any CPU
		{2B4CF5A2-C93D-4FDA-8A3F-2C0E035ABC6C}.Release|x86.Build.0 = Release|Any CPU
		{4F2DE25B-46D5-4E21-83BB-204B921B2EF4}.Debug|Any CPU.ActiveCfg = Debug|Any CPU
		{4F2DE25B-46D5-4E21-83BB-204B921B2EF4}.Debug|Any CPU.Build.0 = Debug|Any CPU
		{4F2DE25B-46D5-4E21-83BB-204B921B2EF4}.Debug|x64.ActiveCfg = Debug|Any CPU
		{4F2DE25B-46D5-4E21-83BB-204B921B2EF4}.Debug|x64.Build.0 = Debug|Any CPU
		{4F2DE25B-46D5-4E21-83BB-204B921B2EF4}.Debug|x86.ActiveCfg = Debug|Any CPU
		{4F2DE25B-46D5-4E21-83BB-204B921B2EF4}.Debug|x86.Build.0 = Debug|Any CPU
		{4F2DE25B-46D5-4E21-83BB-204B921B2EF4}.Release|Any CPU.ActiveCfg = Release|Any CPU
		{4F2DE25B-46D5-4E21-83BB-204B921B2EF4}.Release|Any CPU.Build.0 = Release|Any CPU
		{4F2DE25B-46D5-4E21-83BB-204B921B2EF4}.Release|x64.ActiveCfg = Release|Any CPU
		{4F2DE25B-46D5-4E21-83BB-204B921B2EF4}.Release|x64.Build.0 = Release|Any CPU
		{4F2DE25B-46D5-4E21-83BB-204B921B2EF4}.Release|x86.ActiveCfg = Release|Any CPU
		{4F2DE25B-46D5-4E21-83BB-204B921B2EF4}.Release|x86.Build.0 = Release|Any CPU
		{3BA3A349-EA1C-4740-8C87-0613C775BDC0}.Debug|Any CPU.ActiveCfg = Debug|Any CPU
		{3BA3A349-EA1C-4740-8C87-0613C775BDC0}.Debug|Any CPU.Build.0 = Debug|Any CPU
		{3BA3A349-EA1C-4740-8C87-0613C775BDC0}.Debug|x64.ActiveCfg = Debug|Any CPU
		{3BA3A349-EA1C-4740-8C87-0613C775BDC0}.Debug|x64.Build.0 = Debug|Any CPU
		{3BA3A349-EA1C-4740-8C87-0613C775BDC0}.Debug|x86.ActiveCfg = Debug|Any CPU
		{3BA3A349-EA1C-4740-8C87-0613C775BDC0}.Debug|x86.Build.0 = Debug|Any CPU
		{3BA3A349-EA1C-4740-8C87-0613C775BDC0}.Release|Any CPU.ActiveCfg = Release|Any CPU
		{3BA3A349-EA1C-4740-8C87-0613C775BDC0}.Release|Any CPU.Build.0 = Release|Any CPU
		{3BA3A349-EA1C-4740-8C87-0613C775BDC0}.Release|x64.ActiveCfg = Release|Any CPU
		{3BA3A349-EA1C-4740-8C87-0613C775BDC0}.Release|x64.Build.0 = Release|Any CPU
		{3BA3A349-EA1C-4740-8C87-0613C775BDC0}.Release|x86.ActiveCfg = Release|Any CPU
		{3BA3A349-EA1C-4740-8C87-0613C775BDC0}.Release|x86.Build.0 = Release|Any CPU
		{616330EA-2858-4041-8E28-A29F14588B5E}.Debug|Any CPU.ActiveCfg = Debug|Any CPU
		{616330EA-2858-4041-8E28-A29F14588B5E}.Debug|Any CPU.Build.0 = Debug|Any CPU
		{616330EA-2858-4041-8E28-A29F14588B5E}.Debug|x64.ActiveCfg = Debug|Any CPU
		{616330EA-2858-4041-8E28-A29F14588B5E}.Debug|x64.Build.0 = Debug|Any CPU
		{616330EA-2858-4041-8E28-A29F14588B5E}.Debug|x86.ActiveCfg = Debug|Any CPU
		{616330EA-2858-4041-8E28-A29F14588B5E}.Debug|x86.Build.0 = Debug|Any CPU
		{616330EA-2858-4041-8E28-A29F14588B5E}.Release|Any CPU.ActiveCfg = Release|Any CPU
		{616330EA-2858-4041-8E28-A29F14588B5E}.Release|Any CPU.Build.0 = Release|Any CPU
		{616330EA-2858-4041-8E28-A29F14588B5E}.Release|x64.ActiveCfg = Release|Any CPU
		{616330EA-2858-4041-8E28-A29F14588B5E}.Release|x64.Build.0 = Release|Any CPU
		{616330EA-2858-4041-8E28-A29F14588B5E}.Release|x86.ActiveCfg = Release|Any CPU
		{616330EA-2858-4041-8E28-A29F14588B5E}.Release|x86.Build.0 = Release|Any CPU
		{6D7CF090-8E64-4B8D-9F37-3C87C0A21A49}.Debug|Any CPU.ActiveCfg = Debug|Any CPU
		{6D7CF090-8E64-4B8D-9F37-3C87C0A21A49}.Debug|Any CPU.Build.0 = Debug|Any CPU
		{6D7CF090-8E64-4B8D-9F37-3C87C0A21A49}.Debug|x64.ActiveCfg = Debug|Any CPU
		{6D7CF090-8E64-4B8D-9F37-3C87C0A21A49}.Debug|x64.Build.0 = Debug|Any CPU
		{6D7CF090-8E64-4B8D-9F37-3C87C0A21A49}.Debug|x86.ActiveCfg = Debug|Any CPU
		{6D7CF090-8E64-4B8D-9F37-3C87C0A21A49}.Debug|x86.Build.0 = Debug|Any CPU
		{6D7CF090-8E64-4B8D-9F37-3C87C0A21A49}.Release|Any CPU.ActiveCfg = Release|Any CPU
		{6D7CF090-8E64-4B8D-9F37-3C87C0A21A49}.Release|Any CPU.Build.0 = Release|Any CPU
		{6D7CF090-8E64-4B8D-9F37-3C87C0A21A49}.Release|x64.ActiveCfg = Release|Any CPU
		{6D7CF090-8E64-4B8D-9F37-3C87C0A21A49}.Release|x64.Build.0 = Release|Any CPU
		{6D7CF090-8E64-4B8D-9F37-3C87C0A21A49}.Release|x86.ActiveCfg = Release|Any CPU
		{6D7CF090-8E64-4B8D-9F37-3C87C0A21A49}.Release|x86.Build.0 = Release|Any CPU
	EndGlobalSection
	GlobalSection(SolutionProperties) = preSolution
		HideSolutionNode = FALSE
	EndGlobalSection
	GlobalSection(NestedProjects) = preSolution
		{F345450A-19C4-44D1-B058-682D0C2F9C27} = {4F52FD11-658E-A102-6CD3-7D7C16FFA15B}
		{4E4B8FF6-645D-42F0-860E-87B0AA8951E9} = {4F52FD11-658E-A102-6CD3-7D7C16FFA15B}
		{3C14F41F-292E-4E81-9EE4-31B9B74DE445} = {4F52FD11-658E-A102-6CD3-7D7C16FFA15B}
		{870A5372-75B8-4EC8-B31F-A9E32F3213CF} = {4F52FD11-658E-A102-6CD3-7D7C16FFA15B}
		{04E4F154-654C-450E-9132-2821EB19367F} = {4F52FD11-658E-A102-6CD3-7D7C16FFA15B}
		{5C9E45A3-C84A-46B3-B978-841E13651085} = {E7BDDBC6-9FD1-D1D7-ACD8-2C4F8E3D2461}
		{357A7C97-5AE1-023F-1442-0D9F9AF22A31} = {5854FF58-B8C5-05C6-5BF2-ACE42193F22B}
		{2188A5D5-0040-4903-8864-4530BF90E151} = {357A7C97-5AE1-023F-1442-0D9F9AF22A31}
		{BDC272D5-BA1B-4734-8731-E5072A4562FA} = {357A7C97-5AE1-023F-1442-0D9F9AF22A31}
		{D6E96E9C-B94B-41ED-BECC-DA438298A410} = {357A7C97-5AE1-023F-1442-0D9F9AF22A31}
		{F90D67DF-280B-40CA-965E-364B2DBF3E64} = {357A7C97-5AE1-023F-1442-0D9F9AF22A31}
		{391CE2F5-AE47-7A9A-F474-4847BE99435E} = {0AB3BF05-4346-4AA6-1389-037BE0695223}
		{789E0257-EA9A-4F5F-9A1F-2E487D738829} = {391CE2F5-AE47-7A9A-F474-4847BE99435E}
		{6899806C-00FF-4D68-A94F-2003B804591E} = {391CE2F5-AE47-7A9A-F474-4847BE99435E}
		{4CF24E1C-941E-4781-A1AE-0EC1BF62DA28} = {391CE2F5-AE47-7A9A-F474-4847BE99435E}
		{3191EEA6-45BC-009D-9AD5-83F4A8B4D7F9} = {0AB3BF05-4346-4AA6-1389-037BE0695223}
		{6F18DCA8-6A74-466E-8555-D0799381A93F} = {3191EEA6-45BC-009D-9AD5-83F4A8B4D7F9}
		{984BB9B3-3FA3-BE33-9484-CAC21695A33C} = {827E0CD3-B72D-47B6-A68D-7590B98EB39B}
		{4137BF28-B899-3035-DC87-9BA2D48E7A87} = {984BB9B3-3FA3-BE33-9484-CAC21695A33C}
		{FDD1D62C-96B0-4DA7-9D96-F6721345A2E9} = {4137BF28-B899-3035-DC87-9BA2D48E7A87}
		{C8E42992-5E42-0C2B-DBFE-AA848D06431C} = {827E0CD3-B72D-47B6-A68D-7590B98EB39B}
		{9FDE000F-52D3-4CBD-ADC7-6AF4578EB04F} = {4137BF28-B899-3035-DC87-9BA2D48E7A87}
		{2B4CF5A2-C93D-4FDA-8A3F-2C0E035ABC6C} = {4137BF28-B899-3035-DC87-9BA2D48E7A87}
		{4F2DE25B-46D5-4E21-83BB-204B921B2EF4} = {4137BF28-B899-3035-DC87-9BA2D48E7A87}
		{4F0A5D48-76C3-CF7F-65F5-5461B50110B4} = {0AB3BF05-4346-4AA6-1389-037BE0695223}
		{3BA3A349-EA1C-4740-8C87-0613C775BDC0} = {4F0A5D48-76C3-CF7F-65F5-5461B50110B4}
		{616330EA-2858-4041-8E28-A29F14588B5E} = {4F0A5D48-76C3-CF7F-65F5-5461B50110B4}
		{6D7CF090-8E64-4B8D-9F37-3C87C0A21A49} = {4F0A5D48-76C3-CF7F-65F5-5461B50110B4}
	EndGlobalSection
EndGlobal
